{
  "version": "4",
  "specifiers": {
    "npm:@types/node@*": "22.12.0",
    "npm:runtypes@6.7.0": "6.7.0"
  },
  "npm": {
    "@types/node@22.12.0": {
      "integrity": "sha512-Fll2FZ1riMjNmlmJOdAyY5pUbkftXslB5DgEzlIuNaiWhXd00FhWxVC/r4yV/4wBb9JfImTu+jiSvXTkJ7F/gA==",
      "dependencies": [
        "undici-types"
      ]
    },
    "runtypes@6.7.0": {
      "integrity": "sha512-3TLdfFX8YHNFOhwHrSJza6uxVBmBrEjnNQlNXvXCdItS0Pdskfg5vVXUTWIN+Y23QR09jWpSl99UHkA83m4uWA=="
    },
    "undici-types@6.20.0": {
      "integrity": "sha512-Ny6QZ2Nju20vw1SRHe3d9jVu6gJ+4e3+MMpqu7pqE5HT6WsTSlce++GQmK5UXS8mzV8DSYHrQH+Xrf2jVcuKNg=="
    }
  },
  "remote": {
    "https://deno.land/std@0.221.0/assert/assert.ts": "bec068b2fccdd434c138a555b19a2c2393b71dfaada02b7d568a01541e67cdc5",
    "https://deno.land/std@0.221.0/assert/assertion_error.ts": "9f689a101ee586c4ce92f52fa7ddd362e86434ffdf1f848e45987dc7689976b8",
    "https://deno.land/std@0.221.0/console/_data.json": "cf2cc9d039a192b3adbfe64627167c7e6212704c888c25c769fc8f1709e1e1b8",
    "https://deno.land/std@0.221.0/console/_run_length.ts": "7da8642a0f4f41ac27c0adb1364e18886be856c1d08c5cce6c6b5c00543c8722",
    "https://deno.land/std@0.221.0/console/unicode_width.ts": "d92f085c0ab9c7ab171e4e7862dfd9d3a36ffd369939be5d3e1140ec58bc820f",
    "https://deno.land/std@0.221.0/fmt/colors.ts": "d239d84620b921ea520125d778947881f62c50e78deef2657073840b8af9559a",
    "https://deno.land/std@0.221.0/text/closest_string.ts": "8a91ee8b6d69ff96addcb7c251dad53b476ac8be9c756a0ef786abe9e13a93a5",
    "https://deno.land/std@0.221.0/text/levenshtein_distance.ts": "24be5cc88326bbba83ca7c1ea89259af0050cffda2817ff3a6d240ad6495eae2",
    "https://deno.land/std@0.224.0/assert/assert.ts": "09d30564c09de846855b7b071e62b5974b001bb72a4b797958fe0660e7849834",
    "https://deno.land/std@0.224.0/assert/assertion_error.ts": "ba8752bd27ebc51f723702fac2f54d3e94447598f54264a6653d6413738a8917",
    "https://deno.land/std@0.224.0/fmt/colors.ts": "508563c0659dd7198ba4bbf87e97f654af3c34eb56ba790260f252ad8012e1c5",
    "https://deno.land/std@0.224.0/fs/exists.ts": "3d38cb7dcbca3cf313be343a7b8af18a87bddb4b5ca1bd2314be12d06533b50f",
    "https://deno.land/std@0.224.0/io/types.ts": "acecb3074c730b5ff487ba4fe9ce51e67bd982aa07c95e5f5679b7b2f24ad129",
    "https://deno.land/std@0.224.0/io/write_all.ts": "24aac2312bb21096ae3ae0b102b22c26164d3249dff96dbac130958aa736f038",
    "https://deno.land/std@0.224.0/log/_config.ts": "489e11b6d3c917bf5fc954c5e914c095d3480efd924d1e85f2fc576468581c54",
    "https://deno.land/std@0.224.0/log/_state.ts": "314c0c31ab9c8f4fb33326ad446757d35f75e5bb21746b7720ed4e3f3a939da1",
    "https://deno.land/std@0.224.0/log/base_handler.ts": "f03f013dac9c1a226aab60c6f5751b3131cc4f2808720715285e0dab5697a54e",
    "https://deno.land/std@0.224.0/log/console_handler.ts": "9b17b9025c7d94eab950a25eccca81fd9dd71d063b9f458f149e52db52ab0295",
    "https://deno.land/std@0.224.0/log/critical.ts": "a8b44a4c6768629d2a506ffe1a1a048da7ae76d3146000f8a492008eac4ecba0",
    "https://deno.land/std@0.224.0/log/debug.ts": "ddd63a549fedc3061deba47e41cd2170263831fc266e503a12b610b77439333b",
    "https://deno.land/std@0.224.0/log/error.ts": "3979ee3aadc962345ad50eff8a5470ad3fe07c70370808ddc178ee08c3d6c89c",
    "https://deno.land/std@0.224.0/log/file_handler.ts": "68d6d81ec53bdd6ba61eaceec19d12de59a8ad12ace0d7980a592a51f924a242",
    "https://deno.land/std@0.224.0/log/formatters.ts": "29e0325902c3b1cbb3b9ffc1f9d77ac2d2e5af35d27b9bdfe4fdbbd83588d4a8",
    "https://deno.land/std@0.224.0/log/get_logger.ts": "36a5febf5338f68aadafaf23bbe38a208e2a3150ec02ca2ec5d3c6bbaf840641",
    "https://deno.land/std@0.224.0/log/info.ts": "e6c4971e35092d85cd3241fe7eccdb42999083d14db6aadc5e741f6231e275ad",
    "https://deno.land/std@0.224.0/log/levels.ts": "632ba12baa2600750d004cc5cb4eabe10e410f3f2bdfcb9f7142b6d767f2fee6",
    "https://deno.land/std@0.224.0/log/logger.ts": "57109848fb587fb3843a7b893f22f1a86c1b78c289172627a6305906738f238a",
    "https://deno.land/std@0.224.0/log/mod.ts": "650c53c2c5d9eb05210c4ec54184ecb5bd24fb32ce28e65fad039853978f53f3",
    "https://deno.land/std@0.224.0/log/rotating_file_handler.ts": "a6e7c712e568b618303273ff95483f6ab86dec0a485c73c2e399765f752b5aa8",
    "https://deno.land/std@0.224.0/log/setup.ts": "42425c550da52c7def7f63a4fcc1ac01a4aec6c73336697a640978d6a324e7a6",
    "https://deno.land/std@0.224.0/log/warn.ts": "f1a6bc33a481f231a0257e6d66e26c2e695b931d5e917d8de4f2b825778dfd4e",
    "https://deno.land/x/cliffy@v1.0.0-rc.4/command/_argument_types.ts": "ab269dacea2030f865a07c2a1e953ec437a64419a05bad1f1ddaab3f99752ead",
    "https://deno.land/x/cliffy@v1.0.0-rc.4/command/_errors.ts": "d78e1b4d69d84b8b476b5f3c0b028e3906d48f21b8f1ca1d36d5abe9ccfe48bc",
    "https://deno.land/x/cliffy@v1.0.0-rc.4/command/_spread.ts": "0cc6eb70a6df97b5d7d26008822d39f3e8a1232ee0a27f395aa19e68de738245",
    "https://deno.land/x/cliffy@v1.0.0-rc.4/command/_type_utils.ts": "820004a59bc858e355b11f80e5b3ff1be2c87e66f31f53f253610170795602f0",
    "https://deno.land/x/cliffy@v1.0.0-rc.4/command/_utils.ts": "fa0e88cc4215b18554a7308e8e2ae3a12be0fb91c54d1473c54c530dbd4adfcb",
    "https://deno.land/x/cliffy@v1.0.0-rc.4/command/command.ts": "83cbece11c1459d5bc5add32c3cad0bf49e92c4ddd3ef00f22f80efdae30994e",
    "https://deno.land/x/cliffy@v1.0.0-rc.4/command/completions/_bash_completions_generator.ts": "0c6cb1df4d378d22f001155781d97a9c3519fd10c48187a198fef2cc63b0f84a",
    "https://deno.land/x/cliffy@v1.0.0-rc.4/command/completions/_fish_completions_generator.ts": "8ba4455f7f76a756e05c3db4ce35332b2951af65a2891f2750b530e06880f495",
    "https://deno.land/x/cliffy@v1.0.0-rc.4/command/completions/_zsh_completions_generator.ts": "9df79fbac17a32b9645d01628c41a2bfd295d7976b87b0ae235f50a9c8975fbc",
    "https://deno.land/x/cliffy@v1.0.0-rc.4/command/completions/bash.ts": "53fe78994eb2359110dc4fa79235bdd86800a38c1d6b1c4fe673c81756f3a0e2",
    "https://deno.land/x/cliffy@v1.0.0-rc.4/command/completions/complete.ts": "58df61caa5e6220ff2768636a69337923ad9d4b8c1932aeb27165081c4d07d8b",
    "https://deno.land/x/cliffy@v1.0.0-rc.4/command/completions/completions_command.ts": "506f97f1c6b0b1c3e9956e5069070028b818942310600d4157f64c9b644d3c49",
    "https://deno.land/x/cliffy@v1.0.0-rc.4/command/completions/fish.ts": "6f0b44b4067740b2931c9ec8863b6619b1d3410fea0c5a3988525a4c53059197",
    "https://deno.land/x/cliffy@v1.0.0-rc.4/command/completions/mod.ts": "8dda715ca25f3f66d5ec232b76d7c9a96dd4c64b5029feff91738cc0c9586fb1",
    "https://deno.land/x/cliffy@v1.0.0-rc.4/command/completions/zsh.ts": "f1263c3946975e090d4aadc8681db811d86b52a8ae680f246e03248025885c21",
    "https://deno.land/x/cliffy@v1.0.0-rc.4/command/deprecated.ts": "bbe6670f1d645b773d04b725b8b8e7814c862c9f1afba460c4d599ffe9d4983c",
    "https://deno.land/x/cliffy@v1.0.0-rc.4/command/deps.ts": "a58ea2fa4e2ed9b39bb8dd8c35dd0498c74f05392517ff230a9a4d04c4c766b7",
    "https://deno.land/x/cliffy@v1.0.0-rc.4/command/help/_help_generator.ts": "98619da83ff25523280a6fdcad89af3f13a6fafefc81b71f8230f3344b5ff2c5",
    "https://deno.land/x/cliffy@v1.0.0-rc.4/command/help/help_command.ts": "fbbf0c0827dd21d3cec7bcc68c00c20b55f53e2b621032891b9d23ac4191231c",
    "https://deno.land/x/cliffy@v1.0.0-rc.4/command/help/mod.ts": "8369b292761dcc9ddaf41f2d34bfb06fb6800b69efe80da4fc9752c3b890275b",
    "https://deno.land/x/cliffy@v1.0.0-rc.4/command/mod.ts": "4b708df1b97152522bee0e3828f06abbbc1d2250168910e5cf454950d7b7404b",
    "https://deno.land/x/cliffy@v1.0.0-rc.4/command/type.ts": "f588f5d9635b79100044e62aced4b00e510e75b83801f9b089c40c2d98674de2",
    "https://deno.land/x/cliffy@v1.0.0-rc.4/command/types.ts": "bc9ff7459b9cc1079eeb95ff101690a51b4b4afa4af5623340076ee361d08dbb",
    "https://deno.land/x/cliffy@v1.0.0-rc.4/command/types/action_list.ts": "33c98d449617c7a563a535c9ceb3741bde9f6363353fd492f90a74570c611c27",
    "https://deno.land/x/cliffy@v1.0.0-rc.4/command/types/boolean.ts": "3879ec16092b4b5b1a0acb8675f8c9250c0b8a972e1e4c7adfba8335bd2263ed",
    "https://deno.land/x/cliffy@v1.0.0-rc.4/command/types/child_command.ts": "f1fca390c7fbfa7a713ca15ef55c2c7656bcbb394d50e8ef54085bdf6dc22559",
    "https://deno.land/x/cliffy@v1.0.0-rc.4/command/types/command.ts": "325d0382e383b725fd8d0ef34ebaeae082c5b76a1f6f2e843fee5dbb1a4fe3ac",
    "https://deno.land/x/cliffy@v1.0.0-rc.4/command/types/enum.ts": "8a7cd2898e03089234083bb78c8b1d9b7172254c53c32d4710321638165a48ec",
    "https://deno.land/x/cliffy@v1.0.0-rc.4/command/types/file.ts": "8618f16ac9015c8589cbd946b3de1988cc4899b90ea251f3325c93c46745140e",
    "https://deno.land/x/cliffy@v1.0.0-rc.4/command/types/integer.ts": "29864725fd48738579d18123d7ee78fed37515e6dc62146c7544c98a82f1778d",
    "https://deno.land/x/cliffy@v1.0.0-rc.4/command/types/number.ts": "aeba96e6f470309317a16b308c82e0e4138a830ec79c9877e4622c682012bc1f",
    "https://deno.land/x/cliffy@v1.0.0-rc.4/command/types/string.ts": "e4dadb08a11795474871c7967beab954593813bb53d9f69ea5f9b734e43dc0e0",
    "https://deno.land/x/cliffy@v1.0.0-rc.4/command/upgrade/_check_version.ts": "6cfa7dc26bc0dc46381500e8d4b130fb224f4c5456152dada15bd3793edca89b",
    "https://deno.land/x/cliffy@v1.0.0-rc.4/command/upgrade/mod.ts": "4eff69c489467be17dea27fb95a795396111ee385d170ac0cbcc82f0ea38156c",
    "https://deno.land/x/cliffy@v1.0.0-rc.4/command/upgrade/provider.ts": "c23253334097dc4b8a147ccdeb3aa44f5a95aa953a6386cb5396f830d95d77a5",
    "https://deno.land/x/cliffy@v1.0.0-rc.4/command/upgrade/provider/deno_land.ts": "24f8d82e38c51e09be989f30f8ad21f9dd41ac1bb1973b443a13883e8ba06d6d",
    "https://deno.land/x/cliffy@v1.0.0-rc.4/command/upgrade/provider/github.ts": "99e1b133dd446c6aa79f69e69c46eb8bc1c968dd331c2a7d4064514a317c7b59",
    "https://deno.land/x/cliffy@v1.0.0-rc.4/command/upgrade/provider/nest_land.ts": "0e07936cea04fa41ac9297f32d87f39152ea873970c54cb5b4934b12fee1885e",
    "https://deno.land/x/cliffy@v1.0.0-rc.4/command/upgrade/upgrade_command.ts": "27191f4b1ce93581b6d5ee2fff6003fe4fca437f476ecb98b6eae92f2b4d0716",
    "https://deno.land/x/cliffy@v1.0.0-rc.4/flags/_errors.ts": "f1fbb6bfa009e7950508c9d491cfb4a5551027d9f453389606adb3f2327d048f",
    "https://deno.land/x/cliffy@v1.0.0-rc.4/flags/_utils.ts": "25e519ce1f35acc8b43c75d1ca1c4ab591e7dab08327b7b408705b591e27d8bd",
    "https://deno.land/x/cliffy@v1.0.0-rc.4/flags/_validate_flags.ts": "e60b9038c0136ab7e6bd1baf0e993a07bf23f18afbfb6e12c59adf665a622957",
    "https://deno.land/x/cliffy@v1.0.0-rc.4/flags/deprecated.ts": "a72a35de3cc7314e5ebea605ca23d08385b218ef171c32a3f135fb4318b08126",
    "https://deno.land/x/cliffy@v1.0.0-rc.4/flags/deps.ts": "bed26afff36eeb25509440edec9d5d141b3411e08cc7a90e38a370969b5166bb",
    "https://deno.land/x/cliffy@v1.0.0-rc.4/flags/flags.ts": "3e62c4a9756b5705aada29e7e94847001356b3a83cd18ad56f4207387a71cf51",
    "https://deno.land/x/cliffy@v1.0.0-rc.4/flags/types.ts": "9e2f75edff2217d972fc711a21676a59dfd88378da2f1ace440ea84c07db1dcc",
    "https://deno.land/x/cliffy@v1.0.0-rc.4/flags/types/boolean.ts": "4c026dd66ec9c5436860dc6d0241427bdb8d8e07337ad71b33c08193428a2236",
    "https://deno.land/x/cliffy@v1.0.0-rc.4/flags/types/integer.ts": "b60d4d590f309ddddf066782d43e4dc3799f0e7d08e5ede7dc62a5ee94b9a6d9",
    "https://deno.land/x/cliffy@v1.0.0-rc.4/flags/types/number.ts": "610936e2d29de7c8c304b65489a75ebae17b005c6122c24e791fbed12444d51e",
    "https://deno.land/x/cliffy@v1.0.0-rc.4/flags/types/string.ts": "e89b6a5ce322f65a894edecdc48b44956ec246a1d881f03e97bbda90dd8638c5",
    "https://deno.land/x/cliffy@v1.0.0-rc.4/table/_layout.ts": "73a9bcb8a87b3a6817c4c9d2a31a21b874a7dd690ade1c64c9a1f066d628d626",
    "https://deno.land/x/cliffy@v1.0.0-rc.4/table/_utils.ts": "13390db3f11977b7a4fc1202fa8386be14696b475a7f46a65178354f9a6640b7",
    "https://deno.land/x/cliffy@v1.0.0-rc.4/table/border.ts": "5c6e9ef5078c6930169aacb668b274bdbb498461c724a7693ac9270fe9d3f5d5",
    "https://deno.land/x/cliffy@v1.0.0-rc.4/table/cell.ts": "65e3ee699c3cebeb4d4d44e8f156e37a8532a0f317359d73178a95724d3f9267",
    "https://deno.land/x/cliffy@v1.0.0-rc.4/table/column.ts": "cf14009f2cb14bad156f879946186c1893acdc6a2fee6845db152edddb6a2714",
    "https://deno.land/x/cliffy@v1.0.0-rc.4/table/consume_words.ts": "369d065dbf7f15c664ea8523e0ef750fb952aea6d88e146c375e64aec9503052",
    "https://deno.land/x/cliffy@v1.0.0-rc.4/table/deps.ts": "cbb896e8d7a6b5e3c2b9dda7d16638c202d9b46eb738c2dae1fa9480d8091486",
    "https://deno.land/x/cliffy@v1.0.0-rc.4/table/row.ts": "79eb1468aafdd951e5963898cdafe0752d4ab4c519d5f847f3d8ecb8fe857d4f",
    "https://deno.land/x/cliffy@v1.0.0-rc.4/table/table.ts": "298671e72e61f1ab18b42ae36643181993f79e29b39dc411fdc6ffd53aa04684",
    "https://deno.land/x/tui@2.1.11/mod.ts": "b32347385f2efc7dd90a9e5f6386fded9bde505e3f1c4b07b8509c77206d15a6",
    "https://deno.land/x/tui@2.1.11/src/canvas/box.ts": "3f6a41af65942b069795d895c2a73d039a83ba35c01b5236ea88d1de65ba3ebf",
    "https://deno.land/x/tui@2.1.11/src/canvas/canvas.ts": "31daa080882956f19f5bf8a6b52f7a946ebc34bdba103b007ce4e73c2b922409",
    "https://deno.land/x/tui@2.1.11/src/canvas/draw_object.ts": "2b8a48f10c343aee61d9dc7f00ea7917119ea41374a994e1db7b5b1ee188f0f8",
    "https://deno.land/x/tui@2.1.11/src/canvas/mod.ts": "9da429bfb1d4f53eed661c3e2a2ae4b610380526597aa5f35a6604b810a83ac7",
    "https://deno.land/x/tui@2.1.11/src/canvas/text.ts": "e6c0f5ecb985a037e55397810bc212bae206240acd3e2b15fb786ae2746abdea",
    "https://deno.land/x/tui@2.1.11/src/component.ts": "d7a35cd1a4bc8a6177b047595c86e1df3418b340701e343ee83a08ac7a8005de",
    "https://deno.land/x/tui@2.1.11/src/controls.ts": "e0e91f61a8a73fb044ce980fd3d070407c2f950635cbce73d97f060ef19a780e",
    "https://deno.land/x/tui@2.1.11/src/event_emitter.ts": "e4ee1de2037c89952c5c4c54dc336b7992024f0cb41c9e49229944e773386824",
    "https://deno.land/x/tui@2.1.11/src/input.ts": "4ddc4049718847b2f76c2d022b740694ed50f958c2c42bb3a2eacfe0b0d83b0d",
    "https://deno.land/x/tui@2.1.11/src/input_reader/decoders/keyboard.ts": "70d4f54605a650612601e654bc28a5d4260374a893e27b8a86fe7181cb626377",
    "https://deno.land/x/tui@2.1.11/src/input_reader/decoders/mouse.ts": "a119c6261a27fb9b5e1711ba3d5161c45eac5615ea0aa739e4e6bca759434e6e",
    "https://deno.land/x/tui@2.1.11/src/input_reader/mod.ts": "4213a920c69fd51badd1091fe7c61eff1bd1ead32659785c16f976ae377491cc",
    "https://deno.land/x/tui@2.1.11/src/input_reader/types.ts": "c940a6d656b2fbdc051c2e0508f8eeefa322dd16e60fc6a3bac8d1e9337f7d6c",
    "https://deno.land/x/tui@2.1.11/src/layout/errors.ts": "3df98a8f7747657fd252f602b26e9b5ee130dbfb236bcb4b2d2c912d7ae1eef9",
    "https://deno.land/x/tui@2.1.11/src/layout/grid_layout.ts": "7b2fca94d1a074c61d838c36800dca47f518f720c6539a33d0ad674081a29a76",
    "https://deno.land/x/tui@2.1.11/src/layout/horizontal_layout.ts": "e2ea27519c44c124cb228f19d4b14aa314e7db2cc92ef83fccfa146ced29d4e4",
    "https://deno.land/x/tui@2.1.11/src/layout/mod.ts": "65381a8dd7e8f6287742ebeffef866ae98932d16daf3ea3325f0180b37e327b8",
    "https://deno.land/x/tui@2.1.11/src/layout/types.ts": "ebc78ef4adbf802a49f5319474d81183a2b9edc2947443d9f40f23c4730e16f3",
    "https://deno.land/x/tui@2.1.11/src/layout/vertical_layout.ts": "41f1ec4b897a0f45478b6392f0c74d0c010a74693b99f36f532c85d5525dfca0",
    "https://deno.land/x/tui@2.1.11/src/signals/computed.ts": "824428cfda7c9e4a6aed8caee32a9aa62cd257fac9e7ca64d54c99a15ea56019",
    "https://deno.land/x/tui@2.1.11/src/signals/dependency_tracking.ts": "b89e933a912e8c32881e13ba1555201ec22cc0be69600862ff824f72f1bd6d55",
    "https://deno.land/x/tui@2.1.11/src/signals/effect.ts": "b478ca6469a151e93970679108e01a786b6e121023294d15b7293476161ec049",
    "https://deno.land/x/tui@2.1.11/src/signals/flusher.ts": "b47eeca9547a39487bef56ab82272f050883474995d5e92191296aec936180cb",
    "https://deno.land/x/tui@2.1.11/src/signals/lazy_computed.ts": "b4653efd855ce920657510b4cd086c58a8c72be6511465e3234f4e0b134bb9c6",
    "https://deno.land/x/tui@2.1.11/src/signals/lazy_effect.ts": "b8bdebf29d4b5ae204bc8c0300f03d9c60ff097aef28e0df6515665497b919f0",
    "https://deno.land/x/tui@2.1.11/src/signals/mod.ts": "e76b1303c74c257956d29f9169f3f12af410a0e8540c7a467e5405ba839cc431",
    "https://deno.land/x/tui@2.1.11/src/signals/reactivity.ts": "8520655a0b948d979b1b3450139695726c1dfeb46b46d49b8e4159fe4651368d",
    "https://deno.land/x/tui@2.1.11/src/signals/signal.ts": "5f351000a3316196ac3836fd9f3ef2a708aec85713df720a01c853d4859060be",
    "https://deno.land/x/tui@2.1.11/src/signals/types.ts": "e04d088a849a58d184c30420fec9ab3726985e3bcbe2cdc1b4bbc218fb299dbe",
    "https://deno.land/x/tui@2.1.11/src/theme.ts": "87f3da7e6a5bbbeb04c3c5384069225c244bcce0bac833a87828c5208af07cfc",
    "https://deno.land/x/tui@2.1.11/src/tui.ts": "9b9bb4da296e96aadbe846520446d76570cf6105dcbc3c59e26a4301b4c6d2f4",
    "https://deno.land/x/tui@2.1.11/src/types.ts": "7e39e8c59a1d28e379e54455dd7d7bb1a349191970d9af8d47a74b590e0de401",
    "https://deno.land/x/tui@2.1.11/src/utils/ansi_codes.ts": "be83f249ab09d33b64540adda5191c58580d386cc7627b8d10ea3363c9a6d23d",
    "https://deno.land/x/tui@2.1.11/src/utils/async.ts": "3f3bfe526c05467313237c434bc951a02344935dba61fe7b4e14d818d03ba1ca",
    "https://deno.land/x/tui@2.1.11/src/utils/component.ts": "a7f5396b480c7ed437c5e08ec56c3e5c85a55963ee8520c2e5cc7a185577f1a3",
    "https://deno.land/x/tui@2.1.11/src/utils/mod.ts": "4daef102e2406625f32faf08d238b702a26b3dc87232c35e97a215b9dbf9e781",
    "https://deno.land/x/tui@2.1.11/src/utils/numbers.ts": "9d4322b7a184e111184f37507ccdf0d4a29ee7eb8f2ce8f942f078bd165f8941",
    "https://deno.land/x/tui@2.1.11/src/utils/signals.ts": "a78893aa2e379468df65045a4d1f45e0111237b24e18c19bf5a92b6ee9074c4a",
    "https://deno.land/x/tui@2.1.11/src/utils/sorted_array.ts": "d7b55e9c6489102fbee46d632040449f960f2ed3ae0d6bc3326e6d6ec1450d97",
    "https://deno.land/x/tui@2.1.11/src/utils/strings.ts": "0f7d24072e3d2ed4993f0f2692f148b0af4d9b7a665193dec835101af4dabf7b",
    "https://deno.land/x/tui@2.1.11/src/view.ts": "77c9dfdb3632f95c2456036c5e30f90cfbbad62cbb4f370cba48b992523aa619"
  },
  "workspace": {
    "dependencies": [
      "jsr:@bartlomieju/postgres@0.17.2",
      "jsr:@std/assert@^1.0.11",
      "jsr:@std/dotenv@~0.225.3",
      "jsr:@std/ws@~0.218.2",
      "npm:runtypes@6.7.0"
    ]
  }
}
